
Microsoft Visual Studio Solution File, Format Version 12.00
# Visual Studio Version 17
VisualStudioVersion = 17.5.002.0
MinimumVisualStudioVersion = 10.0.40219.1
Project("{9A19103F-16F7-4668-BE54-9A1E7A4F7556}") = "client-contact-management-system", "client-contact-management-system.csproj", "{68DE2027-0703-4505-99CE-56D24343EBB0}"
EndProject
Global
	GlobalSection(SolutionConfigurationPlatforms) = preSolution
		Debug|Any CPU = Debug|Any CPU
		Release|Any CPU = Release|Any CPU
	EndGlobalSection
	GlobalSection(ProjectConfigurationPlatforms) = postSolution
		{68DE2027-0703-4505-99CE-56D24343EBB0}.Debug|Any CPU.ActiveCfg = Debug|Any CPU
		{68DE2027-0703-4505-99CE-56D24343EBB0}.Debug|Any CPU.Build.0 = Debug|Any CPU
		{68DE2027-0703-4505-99CE-56D24343EBB0}.Release|Any CPU.ActiveCfg = Release|Any CPU
		{68DE2027-0703-4505-99CE-56D24343EBB0}.Release|Any CPU.Build.0 = Release|Any CPU
	EndGlobalSection
	GlobalSection(SolutionProperties) = preSolution
		HideSolutionNode = FALSE
	EndGlobalSection
	GlobalSection(ExtensibilityGlobals) = postSolution
		SolutionGuid = {712D5D75-75DA-41D8-9DC0-956F0BB2D4DE}
	EndGlobalSection
EndGlobal
